Microsoft Visual Studio Solution File, Format Version 11.00
# Visual Studio 2008

Project("{2EFB8E9E-5BAD-EB5F-6A60-EE658070C6BB}") = "Iteration1", "Assembly-CSharp-firstpass.csproj", "{1FF8096B-4791-939E-68E9-6D30860700AE}"
EndProject
Project("{2EFB8E9E-5BAD-EB5F-6A60-EE658070C6BB}") = "Iteration1", "Assembly-CSharp.csproj", "{454709DB-0D02-1129-2A7F-B15E0828DBEA}"
EndProject
Project("{2EFB8E9E-5BAD-EB5F-6A60-EE658070C6BB}") = "Iteration1", "Assembly-CSharp-Editor-firstpass.csproj", "{F9CD3A90-E147-1FD4-2A00-FF8FDD7F35C9}"
EndProject
Project("{2EFB8E9E-5BAD-EB5F-6A60-EE658070C6BB}") = "Iteration1", "Assembly-CSharp-Editor.csproj", "{41B54D69-8D57-2B16-89CF-F45E636F822D}"
EndProject
Global
	GlobalSection(SolutionConfigurationPlatforms) = preSolution
		Debug|Any CPU = Debug|Any CPU
		Release|Any CPU = Release|Any CPU
	EndGlobalSection
	GlobalSection(ProjectConfigurationPlatforms) = postSolution
		{1FF8096B-4791-939E-68E9-6D30860700AE}.Debug|Any CPU.ActiveCfg = Debug|Any CPU
		{1FF8096B-4791-939E-68E9-6D30860700AE}.Debug|Any CPU.Build.0 = Debug|Any CPU
		{1FF8096B-4791-939E-68E9-6D30860700AE}.Release|Any CPU.ActiveCfg = Release|Any CPU
		{1FF8096B-4791-939E-68E9-6D30860700AE}.Release|Any CPU.Build.0 = Release|Any CPU
		{454709DB-0D02-1129-2A7F-B15E0828DBEA}.Debug|Any CPU.ActiveCfg = Debug|Any CPU
		{454709DB-0D02-1129-2A7F-B15E0828DBEA}.Debug|Any CPU.Build.0 = Debug|Any CPU
		{454709DB-0D02-1129-2A7F-B15E0828DBEA}.Release|Any CPU.ActiveCfg = Release|Any CPU
		{454709DB-0D02-1129-2A7F-B15E0828DBEA}.Release|Any CPU.Build.0 = Release|Any CPU
		{F9CD3A90-E147-1FD4-2A00-FF8FDD7F35C9}.Debug|Any CPU.ActiveCfg = Debug|Any CPU
		{F9CD3A90-E147-1FD4-2A00-FF8FDD7F35C9}.Debug|Any CPU.Build.0 = Debug|Any CPU
		{F9CD3A90-E147-1FD4-2A00-FF8FDD7F35C9}.Release|Any CPU.ActiveCfg = Release|Any CPU
		{F9CD3A90-E147-1FD4-2A00-FF8FDD7F35C9}.Release|Any CPU.Build.0 = Release|Any CPU
		{41B54D69-8D57-2B16-89CF-F45E636F822D}.Debug|Any CPU.ActiveCfg = Debug|Any CPU
		{41B54D69-8D57-2B16-89CF-F45E636F822D}.Debug|Any CPU.Build.0 = Debug|Any CPU
		{41B54D69-8D57-2B16-89CF-F45E636F822D}.Release|Any CPU.ActiveCfg = Release|Any CPU
		{41B54D69-8D57-2B16-89CF-F45E636F822D}.Release|Any CPU.Build.0 = Release|Any CPU
	EndGlobalSection
	GlobalSection(SolutionProperties) = preSolution
		HideSolutionNode = FALSE
	EndGlobalSection
																		GlobalSection(MonoDevelopProperties) = preSolution
		StartupItem = Assembly-CSharp.csproj
		Policies = $0
		$0.TextStylePolicy = $1
		$1.inheritsSet = null
		$1.scope = text/x-csharp
		$0.CSharpFormattingPolicy = $2
		$2.inheritsSet = Mono
		$2.inheritsScope = text/x-csharp
		$2.scope = text/x-csharp
		$0.TextStylePolicy = $3
		$3.FileWidth = 120
		$3.TabWidth = 4
		$3.IndentWidth = 4
		$3.EolMarker = Unix
		$3.inheritsSet = Mono
		$3.inheritsScope = text/plain
		$3.scope = text/plain
	EndGlobalSection

EndGlobal
